{
  "name": "testtask",
  "version": "1.0.0",
  "lockfileVersion": 3,
  "requires": true,
  "packages": {
    "": {
      "name": "testtask",
      "version": "1.0.0",
      "license": "ISC",
      "dependencies": {
        "cdk8s": "^2.69.59",
        "cdk8s-plus-22": "^2.0.0-rc.158",
        "constructs": "^10.4.2",
        "typescript": "^5.8.2"
      }
    },
    "node_modules/cdk8s": {
      "version": "2.69.59",
      "resolved": "https://registry.npmjs.org/cdk8s/-/cdk8s-2.69.59.tgz",
      "integrity": "sha512-uAav9ewspKrK+/4H/JnIZ8vyNfP/0/hiIoOKi5YNTTmTuuOtt/3P6JDL6i45AVuDKHGqoA2p/8I642w8GsCmbA==",
      "bundleDependencies": [
        "fast-json-patch",
        "follow-redirects",
        "yaml"
      ],
      "dependencies": {
        "fast-json-patch": "^3.1.1",
        "follow-redirects": "^1.15.9",
        "yaml": "2.7.1"
      },
      "engines": {
        "node": ">= 16.20.0"
      },
      "peerDependencies": {
        "constructs": "^10"
      }
    },
    "node_modules/cdk8s-plus-22": {
      "version": "2.0.0-rc.158",
      "resolved": "https://registry.npmjs.org/cdk8s-plus-22/-/cdk8s-plus-22-2.0.0-rc.158.tgz",
      "integrity": "sha512-fV6MF92Jotz5I71plmd/x90nkfwJxYLGo9KnQQvE50D0ivQQbwrwBPIg/0abKG77na9w6nNMJq/vbTYIMGNuig==",
      "bundleDependencies": [
        "minimatch"
      ],
      "dependencies": {
        "minimatch": "^3.1.2"
      },
      "engines": {
        "node": ">= 14.17.0"
      },
      "peerDependencies": {
        "cdk8s": "^2.5.22",
        "constructs": "^10.1.134"
      }
    },
    "node_modules/cdk8s-plus-22/node_modules/balanced-match": {
      "version": "1.0.2",
      "inBundle": true,
      "license": "MIT"
    },
    "node_modules/cdk8s-plus-22/node_modules/brace-expansion": {
      "version": "1.1.11",
      "inBundle": true,
      "license": "MIT",
      "dependencies": {
        "balanced-match": "^1.0.0",
        "concat-map": "0.0.1"
      }
    },
    "node_modules/cdk8s-plus-22/node_modules/concat-map": {
      "version": "0.0.1",
      "inBundle": true,
      "license": "MIT"
    },
    "node_modules/cdk8s-plus-22/node_modules/minimatch": {
      "version": "3.1.2",
      "inBundle": true,
      "license": "ISC",
      "dependencies": {
        "brace-expansion": "^1.1.7"
      },
      "engines": {
        "node": "*"
      }
    },
    "node_modules/cdk8s/node_modules/fast-json-patch": {
      "version": "3.1.1",
      "inBundle": true,
      "license": "MIT"
    },
    "node_modules/cdk8s/node_modules/follow-redirects": {
      "version": "1.15.9",
      "funding": [
        {
          "type": "individual",
          "url": "https://github.com/sponsors/RubenVerborgh"
        }
      ],
      "inBundle": true,
      "license": "MIT",
      "engines": {
        "node": ">=4.0"
      },
      "peerDependenciesMeta": {
        "debug": {
          "optional": true
        }
      }
    },
    "node_modules/cdk8s/node_modules/yaml": {
      "version": "2.7.1",
      "inBundle": true,
      "license": "ISC",
      "bin": {
        "yaml": "bin.mjs"
      },
      "engines": {
        "node": ">= 14"
      }
    },
    "node_modules/constructs": {
      "version": "10.4.2",
      "resolved": "https://registry.npmjs.org/constructs/-/constructs-10.4.2.tgz",
      "integrity": "sha512-wsNxBlAott2qg8Zv87q3eYZYgheb9lchtBfjHzzLHtXbttwSrHPs1NNQbBrmbb1YZvYg2+Vh0Dor76w4mFxJkA=="
    },
    "node_modules/typescript": {
      "version": "5.8.2",
      "resolved": "https://registry.npmjs.org/typescript/-/typescript-5.8.2.tgz",
      "integrity": "sha512-aJn6wq13/afZp/jT9QZmwEjDqqvSGp1VT5GVg+f/t6/oVyrgXM6BY1h9BRh/O5p3PlUPAe+WuiEZOmb/49RqoQ==",
      "bin": {
        "tsc": "bin/tsc",
        "tsserver": "bin/tsserver"
      },
      "engines": {
        "node": ">=14.17"
      }
    }
  }
}
